
Microsoft Visual Studio Solution File, Format Version 12.00
# Visual Studio Version 17
VisualStudioVersion = 17.0.31903.59
MinimumVisualStudioVersion = 10.0.40219.1
Project("{2150E333-8FDC-42A3-9474-1A3956D46DE8}") = "Solution Items", "Solution Items", "{AD1ED838-18A1-4708-AA21-02D8E625F675}"
	ProjectSection(SolutionItems) = preProject
		Directory.Build.props = Directory.Build.props
		Directory.Build.Targets = Directory.Build.Targets
		Directory.Packages.props = Directory.Packages.props
		NuGet.config = NuGet.config
	EndProjectSection
EndProject
Project("{9A19103F-16F7-4668-BE54-9A1E7A4F7556}") = "HydroGarden.Foundation.Abstractions", "HydroGarden.Foundation\HydroGarden.Foundation.Abstractions\HydroGarden.Foundation.Abstractions.csproj", "{39461972-2F60-4388-A3D2-8B37BAAC1C5C}"
EndProject
Project("{9A19103F-16F7-4668-BE54-9A1E7A4F7556}") = "HydroGarden.Foundation.Common", "HydroGarden.Foundation\HydroGarden.Foundation.Common\HydroGarden.Foundation.Common.csproj", "{2C42581D-B92B-4CF9-BFE0-0C4F60959495}"
EndProject
Project("{9A19103F-16F7-4668-BE54-9A1E7A4F7556}") = "HydroGarden.Foundation.Core", "HydroGarden.Foundation\HydroGarden.Foundation.Core\HydroGarden.Foundation.Core.csproj", "{4F2B1A3D-4E44-44A5-A10A-14FCB6D809C0}"
EndProject
Project("{9A19103F-16F7-4668-BE54-9A1E7A4F7556}") = "HydroGarden.Foundation.Tests.Unit", "HydroGarden.Foundation\HydroGarden.Foundation.Tests.Unit\HydroGarden.Foundation.Tests.Unit.csproj", "{1ECB57D3-B0FF-40A0-8BBD-C61E1FE4268F}"
EndProject
Project("{9A19103F-16F7-4668-BE54-9A1E7A4F7556}") = "TestConsole", "HydroGarden.Foundation\TestConsole\TestConsole.csproj", "{8B2944AB-35A0-4C93-A7B1-51674FCF7EBF}"
EndProject
Project("{9A19103F-16F7-4668-BE54-9A1E7A4F7556}") = "HydroGarden.Foundation.Tests.Integration", "HydroGarden.Foundation\HydroGarden.Foundation.Tests.Integration\HydroGarden.Foundation.Tests.Integration.csproj", "{2D1AD1FE-0139-4FA7-945C-106C59C6AC8F}"
EndProject
Global
	GlobalSection(SolutionConfigurationPlatforms) = preSolution
		Debug|Any CPU = Debug|Any CPU
		Release|Any CPU = Release|Any CPU
	EndGlobalSection
	GlobalSection(ProjectConfigurationPlatforms) = postSolution
		{39461972-2F60-4388-A3D2-8B37BAAC1C5C}.Debug|Any CPU.ActiveCfg = Debug|Any CPU
		{39461972-2F60-4388-A3D2-8B37BAAC1C5C}.Debug|Any CPU.Build.0 = Debug|Any CPU
		{39461972-2F60-4388-A3D2-8B37BAAC1C5C}.Release|Any CPU.ActiveCfg = Release|Any CPU
		{39461972-2F60-4388-A3D2-8B37BAAC1C5C}.Release|Any CPU.Build.0 = Release|Any CPU
		{2C42581D-B92B-4CF9-BFE0-0C4F60959495}.Debug|Any CPU.ActiveCfg = Debug|Any CPU
		{2C42581D-B92B-4CF9-BFE0-0C4F60959495}.Debug|Any CPU.Build.0 = Debug|Any CPU
		{2C42581D-B92B-4CF9-BFE0-0C4F60959495}.Release|Any CPU.ActiveCfg = Release|Any CPU
		{2C42581D-B92B-4CF9-BFE0-0C4F60959495}.Release|Any CPU.Build.0 = Release|Any CPU
		{4F2B1A3D-4E44-44A5-A10A-14FCB6D809C0}.Debug|Any CPU.ActiveCfg = Debug|Any CPU
		{4F2B1A3D-4E44-44A5-A10A-14FCB6D809C0}.Debug|Any CPU.Build.0 = Debug|Any CPU
		{4F2B1A3D-4E44-44A5-A10A-14FCB6D809C0}.Release|Any CPU.ActiveCfg = Release|Any CPU
		{4F2B1A3D-4E44-44A5-A10A-14FCB6D809C0}.Release|Any CPU.Build.0 = Release|Any CPU
		{1ECB57D3-B0FF-40A0-8BBD-C61E1FE4268F}.Debug|Any CPU.ActiveCfg = Debug|Any CPU
		{1ECB57D3-B0FF-40A0-8BBD-C61E1FE4268F}.Debug|Any CPU.Build.0 = Debug|Any CPU
		{1ECB57D3-B0FF-40A0-8BBD-C61E1FE4268F}.Release|Any CPU.ActiveCfg = Release|Any CPU
		{1ECB57D3-B0FF-40A0-8BBD-C61E1FE4268F}.Release|Any CPU.Build.0 = Release|Any CPU
		{8B2944AB-35A0-4C93-A7B1-51674FCF7EBF}.Debug|Any CPU.ActiveCfg = Debug|Any CPU
		{8B2944AB-35A0-4C93-A7B1-51674FCF7EBF}.Debug|Any CPU.Build.0 = Debug|Any CPU
		{8B2944AB-35A0-4C93-A7B1-51674FCF7EBF}.Release|Any CPU.ActiveCfg = Release|Any CPU
		{8B2944AB-35A0-4C93-A7B1-51674FCF7EBF}.Release|Any CPU.Build.0 = Release|Any CPU
		{2D1AD1FE-0139-4FA7-945C-106C59C6AC8F}.Debug|Any CPU.ActiveCfg = Debug|Any CPU
		{2D1AD1FE-0139-4FA7-945C-106C59C6AC8F}.Debug|Any CPU.Build.0 = Debug|Any CPU
		{2D1AD1FE-0139-4FA7-945C-106C59C6AC8F}.Release|Any CPU.ActiveCfg = Release|Any CPU
		{2D1AD1FE-0139-4FA7-945C-106C59C6AC8F}.Release|Any CPU.Build.0 = Release|Any CPU
	EndGlobalSection
	GlobalSection(SolutionProperties) = preSolution
		HideSolutionNode = FALSE
	EndGlobalSection
	GlobalSection(ExtensibilityGlobals) = postSolution
		SolutionGuid = {FB9183CB-995E-46C7-AB4B-3BF8B1FB7AE3}
	EndGlobalSection
EndGlobal
