
Microsoft Visual Studio Solution File, Format Version 12.00
# Visual Studio Version 17
VisualStudioVersion = 17.0.31903.59
MinimumVisualStudioVersion = 10.0.40219.1
Project("{9A19103F-16F7-4668-BE54-9A1E7A4F7556}") = "HydroGarden.Foundation.Abstractions", "HydroGarden.Foundation.Abstractions\HydroGarden.Foundation.Abstractions.csproj", "{BA37C159-EF10-4A18-8041-5755731B4DDC}"
EndProject
Project("{2150E333-8FDC-42A3-9474-1A3956D46DE8}") = "Solution Items", "Solution Items", "{AD1ED838-18A1-4708-AA21-02D8E625F675}"
	ProjectSection(SolutionItems) = preProject
		Directory.Build.props = Directory.Build.props
		Directory.Build.Targets = Directory.Build.Targets
		Directory.Packages.props = Directory.Packages.props
		NuGet.config = NuGet.config
	EndProjectSection
EndProject
Project("{9A19103F-16F7-4668-BE54-9A1E7A4F7556}") = "HydroGarden.Foundation.Common", "HydroGarden.Foundation.Common\HydroGarden.Foundation.Common.csproj", "{DA19DF80-4714-4D98-B31E-9332C23EE9C1}"
EndProject
Project("{9A19103F-16F7-4668-BE54-9A1E7A4F7556}") = "HydroGarden.Foundation.Core", "HydroGarden.Foundation.Core\HydroGarden.Foundation.Core.csproj", "{676B9B8C-D88D-446A-A4B9-C1C761C576D6}"
EndProject
Project("{9A19103F-16F7-4668-BE54-9A1E7A4F7556}") = "TestConsole", "TestConsole\TestConsole.csproj", "{9EFF8FF7-F9D3-4B04-AB76-4C6C7052FE6E}"
EndProject
Project("{FAE04EC0-301F-11D3-BF4B-00C04F79EFBC}") = "HydroGarden.Foundation.Tests.Unit", "HydroGarden.Foundation.Tests.Unit\HydroGarden.Foundation.Tests.Unit.csproj", "{2561322C-8B17-4AD2-AD21-F1DF1A814850}"
EndProject
Global
	GlobalSection(SolutionConfigurationPlatforms) = preSolution
		Debug|Any CPU = Debug|Any CPU
		Release|Any CPU = Release|Any CPU
	EndGlobalSection
	GlobalSection(ProjectConfigurationPlatforms) = postSolution
		{BA37C159-EF10-4A18-8041-5755731B4DDC}.Debug|Any CPU.ActiveCfg = Debug|Any CPU
		{BA37C159-EF10-4A18-8041-5755731B4DDC}.Debug|Any CPU.Build.0 = Debug|Any CPU
		{BA37C159-EF10-4A18-8041-5755731B4DDC}.Release|Any CPU.ActiveCfg = Release|Any CPU
		{BA37C159-EF10-4A18-8041-5755731B4DDC}.Release|Any CPU.Build.0 = Release|Any CPU
		{DA19DF80-4714-4D98-B31E-9332C23EE9C1}.Debug|Any CPU.ActiveCfg = Debug|Any CPU
		{DA19DF80-4714-4D98-B31E-9332C23EE9C1}.Debug|Any CPU.Build.0 = Debug|Any CPU
		{DA19DF80-4714-4D98-B31E-9332C23EE9C1}.Release|Any CPU.ActiveCfg = Release|Any CPU
		{DA19DF80-4714-4D98-B31E-9332C23EE9C1}.Release|Any CPU.Build.0 = Release|Any CPU
		{676B9B8C-D88D-446A-A4B9-C1C761C576D6}.Debug|Any CPU.ActiveCfg = Debug|Any CPU
		{676B9B8C-D88D-446A-A4B9-C1C761C576D6}.Debug|Any CPU.Build.0 = Debug|Any CPU
		{676B9B8C-D88D-446A-A4B9-C1C761C576D6}.Release|Any CPU.ActiveCfg = Release|Any CPU
		{676B9B8C-D88D-446A-A4B9-C1C761C576D6}.Release|Any CPU.Build.0 = Release|Any CPU
		{9EFF8FF7-F9D3-4B04-AB76-4C6C7052FE6E}.Debug|Any CPU.ActiveCfg = Debug|Any CPU
		{9EFF8FF7-F9D3-4B04-AB76-4C6C7052FE6E}.Debug|Any CPU.Build.0 = Debug|Any CPU
		{9EFF8FF7-F9D3-4B04-AB76-4C6C7052FE6E}.Release|Any CPU.ActiveCfg = Release|Any CPU
		{9EFF8FF7-F9D3-4B04-AB76-4C6C7052FE6E}.Release|Any CPU.Build.0 = Release|Any CPU
		{2561322C-8B17-4AD2-AD21-F1DF1A814850}.Debug|Any CPU.ActiveCfg = Debug|Any CPU
		{2561322C-8B17-4AD2-AD21-F1DF1A814850}.Debug|Any CPU.Build.0 = Debug|Any CPU
		{2561322C-8B17-4AD2-AD21-F1DF1A814850}.Release|Any CPU.ActiveCfg = Release|Any CPU
		{2561322C-8B17-4AD2-AD21-F1DF1A814850}.Release|Any CPU.Build.0 = Release|Any CPU
	EndGlobalSection
	GlobalSection(SolutionProperties) = preSolution
		HideSolutionNode = FALSE
	EndGlobalSection
	GlobalSection(ExtensibilityGlobals) = postSolution
		SolutionGuid = {FB9183CB-995E-46C7-AB4B-3BF8B1FB7AE3}
	EndGlobalSection
EndGlobal
